{
  "name": "VOL.uniapp",
  "lockfileVersion": 3,
  "requires": true,
  "packages": {
    "": {
      "dependencies": {
        "js-audio-recorder": "^1.0.7"
      }
    },
    "node_modules/js-audio-recorder": {
      "version": "1.0.7",
      "resolved": "https://registry.npmjs.org/js-audio-recorder/-/js-audio-recorder-1.0.7.tgz",
      "integrity": "sha512-JiDODCElVHGrFyjGYwYyNi7zCbKk9va9C77w+zCPMmi4C6ix7zsX2h3ddHugmo4dOTOTCym9++b/wVW9nC0IaA==",
      "license": "MIT"
    }
  }
}
